{
  "version": "5",
  "specifiers": {
    "jsr:@hono/hono@^4.6.14": "4.10.7",
    "jsr:@std/internal@^1.0.12": "1.0.12",
    "jsr:@std/path@^1.0.8": "1.1.3"
  },
  "jsr": {
    "@hono/hono@4.10.7": {
      "integrity": "b60512559d554f20a945e07a6c5f115e57cbd4c024da9217833c8e7b2c90355d"
    },
    "@std/internal@1.0.12": {
      "integrity": "972a634fd5bc34b242024402972cd5143eac68d8dffaca5eaa4dba30ce17b027"
    },
    "@std/path@1.1.3": {
      "integrity": "b015962d82a5e6daea980c32b82d2c40142149639968549c649031a230b1afb3",
      "dependencies": [
        "jsr:@std/internal"
      ]
    }
  },
  "workspace": {
    "dependencies": [
      "jsr:@hono/hono@^4.6.14",
      "jsr:@std/fs@^1.0.8",
      "jsr:@std/path@^1.0.8"
    ]
  }
}
